// !$*UTF8*$!
{
	archiveVersion = 1;
	classes = {
	};
	objectVersion = 50;
	objects = {

/* Begin PBXBuildFile section */
		E760BAB2E962A76A8EC833F3 /* Pods_KKXM.framework in Frameworks */ = {isa = PBXBuildFile; fileRef = B4636EBBA16E58071FE14BBA /* Pods_KKXM.framework */; };
		F2708562207C468E00BF2BAE /* AccountListViewController.swift in Sources */ = {isa = PBXBuildFile; fileRef = F2708561207C468E00BF2BAE /* AccountListViewController.swift */; };
		F2708564207C4DF000BF2BAE /* BaseViewController.swift in Sources */ = {isa = PBXBuildFile; fileRef = F2708563207C4DF000BF2BAE /* BaseViewController.swift */; };
		F2708566207C4F1100BF2BAE /* Account.swift in Sources */ = {isa = PBXBuildFile; fileRef = F2708565207C4F1100BF2BAE /* Account.swift */; };
		F2708568207C4F2100BF2BAE /* AccountListViewCell.swift in Sources */ = {isa = PBXBuildFile; fileRef = F2708567207C4F2100BF2BAE /* AccountListViewCell.swift */; };
		F270856A207C511B00BF2BAE /* Macaro.swift in Sources */ = {isa = PBXBuildFile; fileRef = F2708569207C511B00BF2BAE /* Macaro.swift */; };
		F270856C207C527E00BF2BAE /* UIDevice+Type.swift in Sources */ = {isa = PBXBuildFile; fileRef = F270856B207C527E00BF2BAE /* UIDevice+Type.swift */; };
		F270856E207C5B7100BF2BAE /* AccountViewModel.swift in Sources */ = {isa = PBXBuildFile; fileRef = F270856D207C5B7100BF2BAE /* AccountViewModel.swift */; };
		F2708571207C9F4200BF2BAE /* NewAccountViewController.swift in Sources */ = {isa = PBXBuildFile; fileRef = F2708570207C9F4200BF2BAE /* NewAccountViewController.swift */; };
		F27086CF207CA9A900BF2BAE /* ImagePickerController.swift in Sources */ = {isa = PBXBuildFile; fileRef = F27086CD207CA9A900BF2BAE /* ImagePickerController.swift */; };
		F27086D0207CA9A900BF2BAE /* ImageRow.swift in Sources */ = {isa = PBXBuildFile; fileRef = F27086CE207CA9A900BF2BAE /* ImageRow.swift */; };
		F2A927E1207B602D00A4F83E /* KK_Tool.swift in Sources */ = {isa = PBXBuildFile; fileRef = F2A927E0207B602D00A4F83E /* KK_Tool.swift */; };
		F2A927E3207B628200A4F83E /* ToolHomeViewController.swift in Sources */ = {isa = PBXBuildFile; fileRef = F2A927E2207B628200A4F83E /* ToolHomeViewController.swift */; };
		F2A927E5207B62B900A4F83E /* ToolHomeViewModel.swift in Sources */ = {isa = PBXBuildFile; fileRef = F2A927E4207B62B900A4F83E /* ToolHomeViewModel.swift */; };
		F2A927E7207B639600A4F83E /* UIColor+Convert.swift in Sources */ = {isa = PBXBuildFile; fileRef = F2A927E6207B639500A4F83E /* UIColor+Convert.swift */; };
		F2A927EA207B69BD00A4F83E /* ToolHomeCell.swift in Sources */ = {isa = PBXBuildFile; fileRef = F2A927E9207B69BD00A4F83E /* ToolHomeCell.swift */; };
		F2B7803C207B5E02004B9229 /* AppDelegate.swift in Sources */ = {isa = PBXBuildFile; fileRef = F2B7803B207B5E02004B9229 /* AppDelegate.swift */; };
		F2B78041207B5E02004B9229 /* Main.storyboard in Resources */ = {isa = PBXBuildFile; fileRef = F2B7803F207B5E02004B9229 /* Main.storyboard */; };
		F2B78043207B5E03004B9229 /* Assets.xcassets in Resources */ = {isa = PBXBuildFile; fileRef = F2B78042207B5E03004B9229 /* Assets.xcassets */; };
		F2B78046207B5E03004B9229 /* LaunchScreen.storyboard in Resources */ = {isa = PBXBuildFile; fileRef = F2B78044207B5E03004B9229 /* LaunchScreen.storyboard */; };
/* End PBXBuildFile section */

/* Begin PBXFileReference section */
		850D00184BFD89A4FCB4FED4 /* Pods-KKXM.debug.xcconfig */ = {isa = PBXFileReference; includeInIndex = 1; lastKnownFileType = text.xcconfig; name = "Pods-KKXM.debug.xcconfig"; path = "Pods/Target Support Files/Pods-KKXM/Pods-KKXM.debug.xcconfig"; sourceTree = "<group>"; };
		97AE138298F82834F05E826C /* Pods-KKXM.release.xcconfig */ = {isa = PBXFileReference; includeInIndex = 1; lastKnownFileType = text.xcconfig; name = "Pods-KKXM.release.xcconfig"; path = "Pods/Target Support Files/Pods-KKXM/Pods-KKXM.release.xcconfig"; sourceTree = "<group>"; };
		B4636EBBA16E58071FE14BBA /* Pods_KKXM.framework */ = {isa = PBXFileReference; explicitFileType = wrapper.framework; includeInIndex = 0; path = Pods_KKXM.framework; sourceTree = BUILT_PRODUCTS_DIR; };
		F2708561207C468E00BF2BAE /* AccountListViewController.swift */ = {isa = PBXFileReference; lastKnownFileType = sourcecode.swift; path = AccountListViewController.swift; sourceTree = "<group>"; };
		F2708563207C4DF000BF2BAE /* BaseViewController.swift */ = {isa = PBXFileReference; lastKnownFileType = sourcecode.swift; path = BaseViewController.swift; sourceTree = "<group>"; };
		F2708565207C4F1100BF2BAE /* Account.swift */ = {isa = PBXFileReference; fileEncoding = 4; lastKnownFileType = sourcecode.swift; path = Account.swift; sourceTree = "<group>"; };
		F2708567207C4F2100BF2BAE /* AccountListViewCell.swift */ = {isa = PBXFileReference; fileEncoding = 4; lastKnownFileType = sourcecode.swift; path = AccountListViewCell.swift; sourceTree = "<group>"; };
		F2708569207C511B00BF2BAE /* Macaro.swift */ = {isa = PBXFileReference; lastKnownFileType = sourcecode.swift; path = Macaro.swift; sourceTree = "<group>"; };
		F270856B207C527E00BF2BAE /* UIDevice+Type.swift */ = {isa = PBXFileReference; lastKnownFileType = sourcecode.swift; path = "UIDevice+Type.swift"; sourceTree = "<group>"; };
		F270856D207C5B7100BF2BAE /* AccountViewModel.swift */ = {isa = PBXFileReference; lastKnownFileType = sourcecode.swift; path = AccountViewModel.swift; sourceTree = "<group>"; };
		F2708570207C9F4200BF2BAE /* NewAccountViewController.swift */ = {isa = PBXFileReference; lastKnownFileType = sourcecode.swift; path = NewAccountViewController.swift; sourceTree = "<group>"; };
		F27086CD207CA9A900BF2BAE /* ImagePickerController.swift */ = {isa = PBXFileReference; fileEncoding = 4; lastKnownFileType = sourcecode.swift; path = ImagePickerController.swift; sourceTree = "<group>"; };
		F27086CE207CA9A900BF2BAE /* ImageRow.swift */ = {isa = PBXFileReference; fileEncoding = 4; lastKnownFileType = sourcecode.swift; path = ImageRow.swift; sourceTree = "<group>"; };
		F2A927E0207B602D00A4F83E /* KK_Tool.swift */ = {isa = PBXFileReference; lastKnownFileType = sourcecode.swift; path = KK_Tool.swift; sourceTree = "<group>"; };
		F2A927E2207B628200A4F83E /* ToolHomeViewController.swift */ = {isa = PBXFileReference; lastKnownFileType = sourcecode.swift; path = ToolHomeViewController.swift; sourceTree = "<group>"; };
		F2A927E4207B62B900A4F83E /* ToolHomeViewModel.swift */ = {isa = PBXFileReference; lastKnownFileType = sourcecode.swift; path = ToolHomeViewModel.swift; sourceTree = "<group>"; };
		F2A927E6207B639500A4F83E /* UIColor+Convert.swift */ = {isa = PBXFileReference; fileEncoding = 4; lastKnownFileType = sourcecode.swift; path = "UIColor+Convert.swift"; sourceTree = "<group>"; };
		F2A927E9207B69BD00A4F83E /* ToolHomeCell.swift */ = {isa = PBXFileReference; lastKnownFileType = sourcecode.swift; path = ToolHomeCell.swift; sourceTree = "<group>"; };
		F2B78038207B5E02004B9229 /* KKXM.app */ = {isa = PBXFileReference; explicitFileType = wrapper.application; includeInIndex = 0; path = KKXM.app; sourceTree = BUILT_PRODUCTS_DIR; };
		F2B7803B207B5E02004B9229 /* AppDelegate.swift */ = {isa = PBXFileReference; lastKnownFileType = sourcecode.swift; path = AppDelegate.swift; sourceTree = "<group>"; };
		F2B78040207B5E02004B9229 /* Base */ = {isa = PBXFileReference; lastKnownFileType = file.storyboard; name = Base; path = Base.lproj/Main.storyboard; sourceTree = "<group>"; };
		F2B78042207B5E03004B9229 /* Assets.xcassets */ = {isa = PBXFileReference; lastKnownFileType = folder.assetcatalog; path = Assets.xcassets; sourceTree = "<group>"; };
		F2B78045207B5E03004B9229 /* Base */ = {isa = PBXFileReference; lastKnownFileType = file.storyboard; name = Base; path = Base.lproj/LaunchScreen.storyboard; sourceTree = "<group>"; };
		F2B78047207B5E03004B9229 /* Info.plist */ = {isa = PBXFileReference; lastKnownFileType = text.plist.xml; path = Info.plist; sourceTree = "<group>"; };
/* End PBXFileReference section */

/* Begin PBXFrameworksBuildPhase section */
		F2B78035207B5E02004B9229 /* Frameworks */ = {
			isa = PBXFrameworksBuildPhase;
			buildActionMask = 2147483647;
			files = (
				E760BAB2E962A76A8EC833F3 /* Pods_KKXM.framework in Frameworks */,
			);
			runOnlyForDeploymentPostprocessing = 0;
		};
/* End PBXFrameworksBuildPhase section */

/* Begin PBXGroup section */
		2CB1C4B13D530DFE8A956A54 /* Frameworks */ = {
			isa = PBXGroup;
			children = (
				B4636EBBA16E58071FE14BBA /* Pods_KKXM.framework */,
			);
			name = Frameworks;
			sourceTree = "<group>";
		};
		DBD0361B42012E13914A9088 /* Pods */ = {
			isa = PBXGroup;
			children = (
				850D00184BFD89A4FCB4FED4 /* Pods-KKXM.debug.xcconfig */,
				97AE138298F82834F05E826C /* Pods-KKXM.release.xcconfig */,
			);
			name = Pods;
			sourceTree = "<group>";
		};
		F270855E207C462400BF2BAE /* Models */ = {
			isa = PBXGroup;
			children = (
				F2A927E0207B602D00A4F83E /* KK_Tool.swift */,
				F2708565207C4F1100BF2BAE /* Account.swift */,
			);
			path = Models;
			sourceTree = "<group>";
		};
		F270855F207C462E00BF2BAE /* Cells */ = {
			isa = PBXGroup;
			children = (
				F27086D1207CA9B300BF2BAE /* EurekaCell */,
				F2A927E9207B69BD00A4F83E /* ToolHomeCell.swift */,
				F2708567207C4F2100BF2BAE /* AccountListViewCell.swift */,
			);
			path = Cells;
			sourceTree = "<group>";
		};
		F2708560207C464200BF2BAE /* ViewControllers */ = {
			isa = PBXGroup;
			children = (
				F2708563207C4DF000BF2BAE /* BaseViewController.swift */,
				F2A927E2207B628200A4F83E /* ToolHomeViewController.swift */,
				F2A927E4207B62B900A4F83E /* ToolHomeViewModel.swift */,
				F2708561207C468E00BF2BAE /* AccountListViewController.swift */,
				F2708570207C9F4200BF2BAE /* NewAccountViewController.swift */,
				F270856D207C5B7100BF2BAE /* AccountViewModel.swift */,
			);
			path = ViewControllers;
			sourceTree = "<group>";
		};
		F27086D1207CA9B300BF2BAE /* EurekaCell */ = {
			isa = PBXGroup;
			children = (
				F27086D2207CA9C800BF2BAE /* ImageRow */,
			);
			path = EurekaCell;
			sourceTree = "<group>";
		};
		F27086D2207CA9C800BF2BAE /* ImageRow */ = {
			isa = PBXGroup;
			children = (
				F27086CD207CA9A900BF2BAE /* ImagePickerController.swift */,
				F27086CE207CA9A900BF2BAE /* ImageRow.swift */,
			);
			path = ImageRow;
			sourceTree = "<group>";
		};
		F2A927E8207B63A700A4F83E /* Extensions */ = {
			isa = PBXGroup;
			children = (
				F2A927E6207B639500A4F83E /* UIColor+Convert.swift */,
				F270856B207C527E00BF2BAE /* UIDevice+Type.swift */,
			);
			path = Extensions;
			sourceTree = "<group>";
		};
		F2B7802F207B5E02004B9229 = {
			isa = PBXGroup;
			children = (
				F2B7803A207B5E02004B9229 /* KKXM */,
				F2B78039207B5E02004B9229 /* Products */,
				DBD0361B42012E13914A9088 /* Pods */,
				2CB1C4B13D530DFE8A956A54 /* Frameworks */,
			);
			sourceTree = "<group>";
		};
		F2B78039207B5E02004B9229 /* Products */ = {
			isa = PBXGroup;
			children = (
				F2B78038207B5E02004B9229 /* KKXM.app */,
			);
			name = Products;
			sourceTree = "<group>";
		};
		F2B7803A207B5E02004B9229 /* KKXM */ = {
			isa = PBXGroup;
			children = (
				F2B7803B207B5E02004B9229 /* AppDelegate.swift */,
				F2708569207C511B00BF2BAE /* Macaro.swift */,
				F2708560207C464200BF2BAE /* ViewControllers */,
				F270855F207C462E00BF2BAE /* Cells */,
				F270855E207C462400BF2BAE /* Models */,
				F2A927E8207B63A700A4F83E /* Extensions */,
				F2B7804D207B5E0E004B9229 /* Support Files */,
			);
			path = KKXM;
			sourceTree = "<group>";
		};
		F2B7804D207B5E0E004B9229 /* Support Files */ = {
			isa = PBXGroup;
			children = (
				F2B7803F207B5E02004B9229 /* Main.storyboard */,
				F2B78042207B5E03004B9229 /* Assets.xcassets */,
				F2B78044207B5E03004B9229 /* LaunchScreen.storyboard */,
				F2B78047207B5E03004B9229 /* Info.plist */,
			);
			path = "Support Files";
			sourceTree = "<group>";
		};
/* End PBXGroup section */

/* Begin PBXNativeTarget section */
		F2B78037207B5E02004B9229 /* KKXM */ = {
			isa = PBXNativeTarget;
			buildConfigurationList = F2B7804A207B5E03004B9229 /* Build configuration list for PBXNativeTarget "KKXM" */;
			buildPhases = (
				3C620EBF82B33F76EB572732 /* [CP] Check Pods Manifest.lock */,
				F2B78034207B5E02004B9229 /* Sources */,
				F2B78035207B5E02004B9229 /* Frameworks */,
				F2B78036207B5E02004B9229 /* Resources */,
				D7119203955EF8B8663EB0F1 /* [CP] Embed Pods Frameworks */,
			);
			buildRules = (
			);
			dependencies = (
			);
			name = KKXM;
			productName = KKXM;
			productReference = F2B78038207B5E02004B9229 /* KKXM.app */;
			productType = "com.apple.product-type.application";
		};
/* End PBXNativeTarget section */

/* Begin PBXProject section */
		F2B78030207B5E02004B9229 /* Project object */ = {
			isa = PBXProject;
			attributes = {
				LastSwiftUpdateCheck = 0930;
				LastUpgradeCheck = 0930;
				ORGANIZATIONNAME = KK;
				TargetAttributes = {
					F2B78037207B5E02004B9229 = {
						CreatedOnToolsVersion = 9.3;
					};
				};
			};
			buildConfigurationList = F2B78033207B5E02004B9229 /* Build configuration list for PBXProject "KKXM" */;
			compatibilityVersion = "Xcode 9.3";
			developmentRegion = en;
			hasScannedForEncodings = 0;
			knownRegions = (
				en,
				Base,
			);
			mainGroup = F2B7802F207B5E02004B9229;
			productRefGroup = F2B78039207B5E02004B9229 /* Products */;
			projectDirPath = "";
			projectRoot = "";
			targets = (
				F2B78037207B5E02004B9229 /* KKXM */,
			);
		};
/* End PBXProject section */

/* Begin PBXResourcesBuildPhase section */
		F2B78036207B5E02004B9229 /* Resources */ = {
			isa = PBXResourcesBuildPhase;
			buildActionMask = 2147483647;
			files = (
				F2B78046207B5E03004B9229 /* LaunchScreen.storyboard in Resources */,
				F2B78043207B5E03004B9229 /* Assets.xcassets in Resources */,
				F2B78041207B5E02004B9229 /* Main.storyboard in Resources */,
			);
			runOnlyForDeploymentPostprocessing = 0;
		};
/* End PBXResourcesBuildPhase section */

/* Begin PBXShellScriptBuildPhase section */
		3C620EBF82B33F76EB572732 /* [CP] Check Pods Manifest.lock */ = {
			isa = PBXShellScriptBuildPhase;
			buildActionMask = 2147483647;
			files = (
			);
			inputPaths = (
				"${PODS_PODFILE_DIR_PATH}/Podfile.lock",
				"${PODS_ROOT}/Manifest.lock",
			);
			name = "[CP] Check Pods Manifest.lock";
			outputPaths = (
				"$(DERIVED_FILE_DIR)/Pods-KKXM-checkManifestLockResult.txt",
			);
			runOnlyForDeploymentPostprocessing = 0;
			shellPath = /bin/sh;
			shellScript = "diff \"${PODS_PODFILE_DIR_PATH}/Podfile.lock\" \"${PODS_ROOT}/Manifest.lock\" > /dev/null\nif [ $? != 0 ] ; then\n    # print error to STDERR\n    echo \"error: The sandbox is not in sync with the Podfile.lock. Run 'pod install' or update your CocoaPods installation.\" >&2\n    exit 1\nfi\n# This output is used by Xcode 'outputs' to avoid re-running this script phase.\necho \"SUCCESS\" > \"${SCRIPT_OUTPUT_FILE_0}\"\n";
			showEnvVarsInLog = 0;
		};
		D7119203955EF8B8663EB0F1 /* [CP] Embed Pods Frameworks */ = {
			isa = PBXShellScriptBuildPhase;
			buildActionMask = 2147483647;
			files = (
			);
			inputPaths = (
				"${SRCROOT}/Pods/Target Support Files/Pods-KKXM/Pods-KKXM-frameworks.sh",
				"${BUILT_PRODUCTS_DIR}/Differentiator/Differentiator.framework",
				"${BUILT_PRODUCTS_DIR}/Eureka/Eureka.framework",
				"${BUILT_PRODUCTS_DIR}/ObjectMapper/ObjectMapper.framework",
				"${BUILT_PRODUCTS_DIR}/RxCocoa/RxCocoa.framework",
				"${BUILT_PRODUCTS_DIR}/RxDataSources/RxDataSources.framework",
				"${BUILT_PRODUCTS_DIR}/RxSwift/RxSwift.framework",
				"${BUILT_PRODUCTS_DIR}/SQLite.swift/SQLite.framework",
				"${BUILT_PRODUCTS_DIR}/SVProgressHUD/SVProgressHUD.framework",
				"${BUILT_PRODUCTS_DIR}/SnapKit/SnapKit.framework",
				"${BUILT_PRODUCTS_DIR}/Then/Then.framework",
			);
			name = "[CP] Embed Pods Frameworks";
			outputPaths = (
				"${TARGET_BUILD_DIR}/${FRAMEWORKS_FOLDER_PATH}/Differentiator.framework",
				"${TARGET_BUILD_DIR}/${FRAMEWORKS_FOLDER_PATH}/Eureka.framework",
				"${TARGET_BUILD_DIR}/${FRAMEWORKS_FOLDER_PATH}/ObjectMapper.framework",
				"${TARGET_BUILD_DIR}/${FRAMEWORKS_FOLDER_PATH}/RxCocoa.framework",
				"${TARGET_BUILD_DIR}/${FRAMEWORKS_FOLDER_PATH}/RxDataSources.framework",
				"${TARGET_BUILD_DIR}/${FRAMEWORKS_FOLDER_PATH}/RxSwift.framework",
				"${TARGET_BUILD_DIR}/${FRAMEWORKS_FOLDER_PATH}/SQLite.framework",
				"${TARGET_BUILD_DIR}/${FRAMEWORKS_FOLDER_PATH}/SVProgressHUD.framework",
				"${TARGET_BUILD_DIR}/${FRAMEWORKS_FOLDER_PATH}/SnapKit.framework",
				"${TARGET_BUILD_DIR}/${FRAMEWORKS_FOLDER_PATH}/Then.framework",
			);
			runOnlyForDeploymentPostprocessing = 0;
			shellPath = /bin/sh;
			shellScript = "\"${SRCROOT}/Pods/Target Support Files/Pods-KKXM/Pods-KKXM-frameworks.sh\"\n";
			showEnvVarsInLog = 0;
		};
/* End PBXShellScriptBuildPhase section */

/* Begin PBXSourcesBuildPhase section */
		F2B78034207B5E02004B9229 /* Sources */ = {
			isa = PBXSourcesBuildPhase;
			buildActionMask = 2147483647;
			files = (
				F2A927EA207B69BD00A4F83E /* ToolHomeCell.swift in Sources */,
				F2A927E1207B602D00A4F83E /* KK_Tool.swift in Sources */,
				F2A927E7207B639600A4F83E /* UIColor+Convert.swift in Sources */,
				F270856A207C511B00BF2BAE /* Macaro.swift in Sources */,
				F27086D0207CA9A900BF2BAE /* ImageRow.swift in Sources */,
				F2A927E3207B628200A4F83E /* ToolHomeViewController.swift in Sources */,
				F2A927E5207B62B900A4F83E /* ToolHomeViewModel.swift in Sources */,
				F2708566207C4F1100BF2BAE /* Account.swift in Sources */,
				F27086CF207CA9A900BF2BAE /* ImagePickerController.swift in Sources */,
				F2708564207C4DF000BF2BAE /* BaseViewController.swift in Sources */,
				F2708562207C468E00BF2BAE /* AccountListViewController.swift in Sources */,
				F270856C207C527E00BF2BAE /* UIDevice+Type.swift in Sources */,
				F2708568207C4F2100BF2BAE /* AccountListViewCell.swift in Sources */,
				F2708571207C9F4200BF2BAE /* NewAccountViewController.swift in Sources */,
				F270856E207C5B7100BF2BAE /* AccountViewModel.swift in Sources */,
				F2B7803C207B5E02004B9229 /* AppDelegate.swift in Sources */,
			);
			runOnlyForDeploymentPostprocessing = 0;
		};
/* End PBXSourcesBuildPhase section */

/* Begin PBXVariantGroup section */
		F2B7803F207B5E02004B9229 /* Main.storyboard */ = {
			isa = PBXVariantGroup;
			children = (
				F2B78040207B5E02004B9229 /* Base */,
			);
			name = Main.storyboard;
			sourceTree = "<group>";
		};
		F2B78044207B5E03004B9229 /* LaunchScreen.storyboard */ = {
			isa = PBXVariantGroup;
			children = (
				F2B78045207B5E03004B9229 /* Base */,
			);
			name = LaunchScreen.storyboard;
			sourceTree = "<group>";
		};
/* End PBXVariantGroup section */

/* Begin XCBuildConfiguration section */
		F2B78048207B5E03004B9229 /* Debug */ = {
			isa = XCBuildConfiguration;
			buildSettings = {
				ALWAYS_SEARCH_USER_PATHS = NO;
				CLANG_ANALYZER_NONNULL = YES;
				CLANG_ANALYZER_NUMBER_OBJECT_CONVERSION = YES_AGGRESSIVE;
				CLANG_CXX_LANGUAGE_STANDARD = "gnu++14";
				CLANG_CXX_LIBRARY = "libc++";
				CLANG_ENABLE_MODULES = YES;
				CLANG_ENABLE_OBJC_ARC = YES;
				CLANG_ENABLE_OBJC_WEAK = YES;
				CLANG_WARN_BLOCK_CAPTURE_AUTORELEASING = YES;
				CLANG_WARN_BOOL_CONVERSION = YES;
				CLANG_WARN_COMMA = YES;
				CLANG_WARN_CONSTANT_CONVERSION = YES;
				CLANG_WARN_DEPRECATED_OBJC_IMPLEMENTATIONS = YES;
				CLANG_WARN_DIRECT_OBJC_ISA_USAGE = YES_ERROR;
				CLANG_WARN_DOCUMENTATION_COMMENTS = YES;
				CLANG_WARN_EMPTY_BODY = YES;
				CLANG_WARN_ENUM_CONVERSION = YES;
				CLANG_WARN_INFINITE_RECURSION = YES;
				CLANG_WARN_INT_CONVERSION = YES;
				CLANG_WARN_NON_LITERAL_NULL_CONVERSION = YES;
				CLANG_WARN_OBJC_IMPLICIT_RETAIN_SELF = YES;
				CLANG_WARN_OBJC_LITERAL_CONVERSION = YES;
				CLANG_WARN_OBJC_ROOT_CLASS = YES_ERROR;
				CLANG_WARN_RANGE_LOOP_ANALYSIS = YES;
				CLANG_WARN_STRICT_PROTOTYPES = YES;
				CLANG_WARN_SUSPICIOUS_MOVE = YES;
				CLANG_WARN_UNGUARDED_AVAILABILITY = YES_AGGRESSIVE;
				CLANG_WARN_UNREACHABLE_CODE = YES;
				CLANG_WARN__DUPLICATE_METHOD_MATCH = YES;
				CODE_SIGN_IDENTITY = "iPhone Developer";
				COPY_PHASE_STRIP = NO;
				DEBUG_INFORMATION_FORMAT = dwarf;
				ENABLE_STRICT_OBJC_MSGSEND = YES;
				ENABLE_TESTABILITY = YES;
				GCC_C_LANGUAGE_STANDARD = gnu11;
				GCC_DYNAMIC_NO_PIC = NO;
				GCC_NO_COMMON_BLOCKS = YES;
				GCC_OPTIMIZATION_LEVEL = 0;
				GCC_PREPROCESSOR_DEFINITIONS = (
					"DEBUG=1",
					"$(inherited)",
				);
				GCC_WARN_64_TO_32_BIT_CONVERSION = YES;
				GCC_WARN_ABOUT_RETURN_TYPE = YES_ERROR;
				GCC_WARN_UNDECLARED_SELECTOR = YES;
				GCC_WARN_UNINITIALIZED_AUTOS = YES_AGGRESSIVE;
				GCC_WARN_UNUSED_FUNCTION = YES;
				GCC_WARN_UNUSED_VARIABLE = YES;
				IPHONEOS_DEPLOYMENT_TARGET = 11.3;
				MTL_ENABLE_DEBUG_INFO = YES;
				ONLY_ACTIVE_ARCH = YES;
				SDKROOT = iphoneos;
				SWIFT_ACTIVE_COMPILATION_CONDITIONS = DEBUG;
				SWIFT_OPTIMIZATION_LEVEL = "-Onone";
			};
			name = Debug;
		};
		F2B78049207B5E03004B9229 /* Release */ = {
			isa = XCBuildConfiguration;
			buildSettings = {
				ALWAYS_SEARCH_USER_PATHS = NO;
				CLANG_ANALYZER_NONNULL = YES;
				CLANG_ANALYZER_NUMBER_OBJECT_CONVERSION = YES_AGGRESSIVE;
				CLANG_CXX_LANGUAGE_STANDARD = "gnu++14";
				CLANG_CXX_LIBRARY = "libc++";
				CLANG_ENABLE_MODULES = YES;
				CLANG_ENABLE_OBJC_ARC = YES;
				CLANG_ENABLE_OBJC_WEAK = YES;
				CLANG_WARN_BLOCK_CAPTURE_AUTORELEASING = YES;
				CLANG_WARN_BOOL_CONVERSION = YES;
				CLANG_WARN_COMMA = YES;
				CLANG_WARN_CONSTANT_CONVERSION = YES;
				CLANG_WARN_DEPRECATED_OBJC_IMPLEMENTATIONS = YES;
				CLANG_WARN_DIRECT_OBJC_ISA_USAGE = YES_ERROR;
				CLANG_WARN_DOCUMENTATION_COMMENTS = YES;
				CLANG_WARN_EMPTY_BODY = YES;
				CLANG_WARN_ENUM_CONVERSION = YES;
				CLANG_WARN_INFINITE_RECURSION = YES;
				CLANG_WARN_INT_CONVERSION = YES;
				CLANG_WARN_NON_LITERAL_NULL_CONVERSION = YES;
				CLANG_WARN_OBJC_IMPLICIT_RETAIN_SELF = YES;
				CLANG_WARN_OBJC_LITERAL_CONVERSION = YES;
				CLANG_WARN_OBJC_ROOT_CLASS = YES_ERROR;
				CLANG_WARN_RANGE_LOOP_ANALYSIS = YES;
				CLANG_WARN_STRICT_PROTOTYPES = YES;
				CLANG_WARN_SUSPICIOUS_MOVE = YES;
				CLANG_WARN_UNGUARDED_AVAILABILITY = YES_AGGRESSIVE;
				CLANG_WARN_UNREACHABLE_CODE = YES;
				CLANG_WARN__DUPLICATE_METHOD_MATCH = YES;
				CODE_SIGN_IDENTITY = "iPhone Developer";
				COPY_PHASE_STRIP = NO;
				DEBUG_INFORMATION_FORMAT = "dwarf-with-dsym";
				ENABLE_NS_ASSERTIONS = NO;
				ENABLE_STRICT_OBJC_MSGSEND = YES;
				GCC_C_LANGUAGE_STANDARD = gnu11;
				GCC_NO_COMMON_BLOCKS = YES;
				GCC_WARN_64_TO_32_BIT_CONVERSION = YES;
				GCC_WARN_ABOUT_RETURN_TYPE = YES_ERROR;
				GCC_WARN_UNDECLARED_SELECTOR = YES;
				GCC_WARN_UNINITIALIZED_AUTOS = YES_AGGRESSIVE;
				GCC_WARN_UNUSED_FUNCTION = YES;
				GCC_WARN_UNUSED_VARIABLE = YES;
				IPHONEOS_DEPLOYMENT_TARGET = 11.3;
				MTL_ENABLE_DEBUG_INFO = NO;
				SDKROOT = iphoneos;
				SWIFT_COMPILATION_MODE = wholemodule;
				SWIFT_OPTIMIZATION_LEVEL = "-O";
				VALIDATE_PRODUCT = YES;
			};
			name = Release;
		};
		F2B7804B207B5E03004B9229 /* Debug */ = {
			isa = XCBuildConfiguration;
			baseConfigurationReference = 850D00184BFD89A4FCB4FED4 /* Pods-KKXM.debug.xcconfig */;
			buildSettings = {
				ASSETCATALOG_COMPILER_APPICON_NAME = AppIcon;
				CODE_SIGN_STYLE = Automatic;
				DEVELOPMENT_TEAM = 47KBP6Q96R;
				INFOPLIST_FILE = "$(SRCROOT)/KKXM/Support Files/Info.plist";
				IPHONEOS_DEPLOYMENT_TARGET = 10.0;
				LD_RUNPATH_SEARCH_PATHS = (
					"$(inherited)",
					"@executable_path/Frameworks",
				);
				PRODUCT_BUNDLE_IDENTIFIER = com.kkxm.www.KKXM;
				PRODUCT_NAME = "$(TARGET_NAME)";
				SWIFT_VERSION = 4.0;
				TARGETED_DEVICE_FAMILY = 1;
			};
			name = Debug;
		};
		F2B7804C207B5E03004B9229 /* Release */ = {
			isa = XCBuildConfiguration;
			baseConfigurationReference = 97AE138298F82834F05E826C /* Pods-KKXM.release.xcconfig */;
			buildSettings = {
				ASSETCATALOG_COMPILER_APPICON_NAME = AppIcon;
				CODE_SIGN_STYLE = Automatic;
				DEVELOPMENT_TEAM = 47KBP6Q96R;
				INFOPLIST_FILE = "$(SRCROOT)/KKXM/Support Files/Info.plist";
				IPHONEOS_DEPLOYMENT_TARGET = 10.0;
				LD_RUNPATH_SEARCH_PATHS = (
					"$(inherited)",
					"@executable_path/Frameworks",
				);
				PRODUCT_BUNDLE_IDENTIFIER = com.kkxm.www.KKXM;
				PRODUCT_NAME = "$(TARGET_NAME)";
				SWIFT_VERSION = 4.0;
				TARGETED_DEVICE_FAMILY = 1;
			};
			name = Release;
		};
/* End XCBuildConfiguration section */

/* Begin XCConfigurationList section */
		F2B78033207B5E02004B9229 /* Build configuration list for PBXProject "KKXM" */ = {
			isa = XCConfigurationList;
			buildConfigurations = (
				F2B78048207B5E03004B9229 /* Debug */,
				F2B78049207B5E03004B9229 /* Release */,
			);
			defaultConfigurationIsVisible = 0;
			defaultConfigurationName = Release;
		};
		F2B7804A207B5E03004B9229 /* Build configuration list for PBXNativeTarget "KKXM" */ = {
			isa = XCConfigurationList;
			buildConfigurations = (
				F2B7804B207B5E03004B9229 /* Debug */,
				F2B7804C207B5E03004B9229 /* Release */,
			);
			defaultConfigurationIsVisible = 0;
			defaultConfigurationName = Release;
		};
/* End XCConfigurationList section */
	};
	rootObject = F2B78030207B5E02004B9229 /* Project object */;
}
